
Microsoft Visual Studio Solution File, Format Version 12.00
# Visual Studio Version 16
VisualStudioVersion = 16.0.31729.503
MinimumVisualStudioVersion = 10.0.40219.1
Project("{FAE04EC0-301F-11D3-BF4B-00C04F79EFBC}") = "FINALU190274362HW4", "FINALU190274362HW4.csproj", "{8046C9F7-63EC-4B64-B3BF-41A3AC8814ED}"
EndProject
Global
	GlobalSection(SolutionConfigurationPlatforms) = preSolution
		Debug|Any CPU = Debug|Any CPU
		Release|Any CPU = Release|Any CPU
	EndGlobalSection
	GlobalSection(ProjectConfigurationPlatforms) = postSolution
		{8046C9F7-63EC-4B64-B3BF-41A3AC8814ED}.Debug|Any CPU.ActiveCfg = Debug|Any CPU
		{8046C9F7-63EC-4B64-B3BF-41A3AC8814ED}.Debug|Any CPU.Build.0 = Debug|Any CPU
		{8046C9F7-63EC-4B64-B3BF-41A3AC8814ED}.Release|Any CPU.ActiveCfg = Release|Any CPU
		{8046C9F7-63EC-4B64-B3BF-41A3AC8814ED}.Release|Any CPU.Build.0 = Release|Any CPU
	EndGlobalSection
	GlobalSection(SolutionProperties) = preSolution
		HideSolutionNode = FALSE
	EndGlobalSection
	GlobalSection(ExtensibilityGlobals) = postSolution
		SolutionGuid = {3A851E49-7177-40BF-9DFC-F287A1ACC0EB}
	EndGlobalSection
EndGlobal
